
Microsoft Visual Studio Solution File, Format Version 12.00
# Visual Studio Version 17
VisualStudioVersion = 17.14.36221.1 d17.14
MinimumVisualStudioVersion = 10.0.40219.1
Project("{FAE04EC0-301F-11D3-BF4B-00C04F79EFBC}") = "BitzConvert", "BitzConvert.csproj", "{DB6B0AA9-C2E5-423D-8A5A-CE5AD717066F}"
EndProject
Global
	GlobalSection(SolutionConfigurationPlatforms) = preSolution
		Debug|Any CPU = Debug|Any CPU
		Release|Any CPU = Release|Any CPU
	EndGlobalSection
	GlobalSection(ProjectConfigurationPlatforms) = postSolution
		{DB6B0AA9-C2E5-423D-8A5A-CE5AD717066F}.Debug|Any CPU.ActiveCfg = Debug|Any CPU
		{DB6B0AA9-C2E5-423D-8A5A-CE5AD717066F}.Debug|Any CPU.Build.0 = Debug|Any CPU
		{DB6B0AA9-C2E5-423D-8A5A-CE5AD717066F}.Release|Any CPU.ActiveCfg = Release|Any CPU
		{DB6B0AA9-C2E5-423D-8A5A-CE5AD717066F}.Release|Any CPU.Build.0 = Release|Any CPU
	EndGlobalSection
	GlobalSection(SolutionProperties) = preSolution
		HideSolutionNode = FALSE
	EndGlobalSection
	GlobalSection(ExtensibilityGlobals) = postSolution
		SolutionGuid = {231CC678-D52B-48F9-B8F6-6673BA7117D1}
	EndGlobalSection
EndGlobal
